
Microsoft Visual Studio Solution File, Format Version 12.00
# Visual Studio Version 17
VisualStudioVersion = 17.14.36915.13 d17.14
MinimumVisualStudioVersion = 10.0.40219.1
Project("{FAE04EC0-301F-11D3-BF4B-00C04F79EFBC}") = "Laba7", "Laba7.csproj", "{1D703E95-CEE1-407D-8E49-842C264203FA}"
EndProject
Global
	GlobalSection(SolutionConfigurationPlatforms) = preSolution
		Debug|Any CPU = Debug|Any CPU
		Release|Any CPU = Release|Any CPU
	EndGlobalSection
	GlobalSection(ProjectConfigurationPlatforms) = postSolution
		{1D703E95-CEE1-407D-8E49-842C264203FA}.Debug|Any CPU.ActiveCfg = Debug|Any CPU
		{1D703E95-CEE1-407D-8E49-842C264203FA}.Debug|Any CPU.Build.0 = Debug|Any CPU
		{1D703E95-CEE1-407D-8E49-842C264203FA}.Release|Any CPU.ActiveCfg = Release|Any CPU
		{1D703E95-CEE1-407D-8E49-842C264203FA}.Release|Any CPU.Build.0 = Release|Any CPU
	EndGlobalSection
	GlobalSection(SolutionProperties) = preSolution
		HideSolutionNode = FALSE
	EndGlobalSection
	GlobalSection(ExtensibilityGlobals) = postSolution
		SolutionGuid = {1CAA83D4-A2A3-4C5D-B504-987774364BD6}
	EndGlobalSection
EndGlobal
